
Microsoft Visual Studio Solution File, Format Version 12.00
# Visual Studio 15
VisualStudioVersion = 15.0.28307.1259
MinimumVisualStudioVersion = 10.0.40219.1
Project("{8BC9CEB8-8B4A-11D0-8D11-00A0C91BC942}") = "Test", "Test\Test.vcxproj", "{0741488F-A201-4234-A15E-5D27AA13D23A}"
EndProject
Global
	GlobalSection(SolutionConfigurationPlatforms) = preSolution
		Debug|x64 = Debug|x64
		Debug|x86 = Debug|x86
		Release|x64 = Release|x64
		Release|x86 = Release|x86
	EndGlobalSection
	GlobalSection(ProjectConfigurationPlatforms) = postSolution
		{0741488F-A201-4234-A15E-5D27AA13D23A}.Debug|x64.ActiveCfg = Debug|x64
		{0741488F-A201-4234-A15E-5D27AA13D23A}.Debug|x64.Build.0 = Debug|x64
		{0741488F-A201-4234-A15E-5D27AA13D23A}.Debug|x86.ActiveCfg = Debug|Win32
		{0741488F-A201-4234-A15E-5D27AA13D23A}.Debug|x86.Build.0 = Debug|Win32
		{0741488F-A201-4234-A15E-5D27AA13D23A}.Release|x64.ActiveCfg = Release|x64
		{0741488F-A201-4234-A15E-5D27AA13D23A}.Release|x64.Build.0 = Release|x64
		{0741488F-A201-4234-A15E-5D27AA13D23A}.Release|x86.ActiveCfg = Release|Win32
		{0741488F-A201-4234-A15E-5D27AA13D23A}.Release|x86.Build.0 = Release|Win32
	EndGlobalSection
	GlobalSection(SolutionProperties) = preSolution
		HideSolutionNode = FALSE
	EndGlobalSection
	GlobalSection(ExtensibilityGlobals) = postSolution
		SolutionGuid = {A5E5C5CB-743E-4C8B-B734-B2C8EB972C58}
	EndGlobalSection
EndGlobal
