
Microsoft Visual Studio Solution File, Format Version 12.00
# Visual Studio 15
VisualStudioVersion = 15.0.28307.1259
MinimumVisualStudioVersion = 10.0.40219.1
Project("{8BC9CEB8-8B4A-11D0-8D11-00A0C91BC942}") = "OpenGLVS", "OpenGLVS\OpenGLVS.vcxproj", "{21C0B372-C529-4245-BC21-FDC406C0E439}"
EndProject
Global
	GlobalSection(SolutionConfigurationPlatforms) = preSolution
		Debug|x64 = Debug|x64
		Debug|x86 = Debug|x86
		Release|x64 = Release|x64
		Release|x86 = Release|x86
	EndGlobalSection
	GlobalSection(ProjectConfigurationPlatforms) = postSolution
		{21C0B372-C529-4245-BC21-FDC406C0E439}.Debug|x64.ActiveCfg = Debug|x64
		{21C0B372-C529-4245-BC21-FDC406C0E439}.Debug|x64.Build.0 = Debug|x64
		{21C0B372-C529-4245-BC21-FDC406C0E439}.Debug|x86.ActiveCfg = Debug|Win32
		{21C0B372-C529-4245-BC21-FDC406C0E439}.Debug|x86.Build.0 = Debug|Win32
		{21C0B372-C529-4245-BC21-FDC406C0E439}.Release|x64.ActiveCfg = Release|x64
		{21C0B372-C529-4245-BC21-FDC406C0E439}.Release|x64.Build.0 = Release|x64
		{21C0B372-C529-4245-BC21-FDC406C0E439}.Release|x86.ActiveCfg = Release|Win32
		{21C0B372-C529-4245-BC21-FDC406C0E439}.Release|x86.Build.0 = Release|Win32
	EndGlobalSection
	GlobalSection(SolutionProperties) = preSolution
		HideSolutionNode = FALSE
	EndGlobalSection
	GlobalSection(ExtensibilityGlobals) = postSolution
		SolutionGuid = {FCC308E8-B63D-426C-A495-DF355A5C4BE6}
	EndGlobalSection
EndGlobal
